{
    "name": "test-typescript",
    "version": "1.0.0",
    "lockfileVersion": 2,
    "requires": true,
    "packages": {
        "": {
            "name": "test-typescript",
            "version": "1.0.0",
            "workspaces": [
                "package-one",
                "package-two",
                "package-main"
            ],
            "dependencies": {
                "package-one": "^1.0.0"
            },
            "devDependencies": {
                "typescript": "^4.9.4"
            }
        },
        "node_modules/package-main": {
            "resolved": "package-main",
            "link": true
        },
        "node_modules/package-one": {
            "resolved": "package-one",
            "link": true
        },
        "node_modules/package-two": {
            "resolved": "package-two",
            "link": true
        },
        "node_modules/typescript": {
            "version": "4.9.4",
            "resolved": "https://registry.npmjs.org/typescript/-/typescript-4.9.4.tgz",
            "integrity": "sha512-Uz+dTXYzxXXbsFpM86Wh3dKCxrQqUcVMxwU54orwlJjOpO3ao8L7j5lH+dWfTwgCwIuM9GQ2kvVotzYJMXTBZg==",
            "dev": true,
            "bin": {
                "tsc": "bin/tsc",
                "tsserver": "bin/tsserver"
            },
            "engines": {
                "node": ">=4.2.0"
            }
        },
        "package-main": {
            "version": "1.0.0",
            "license": "ISC"
        },
        "package-one": {
            "version": "1.0.0",
            "license": "ISC"
        },
        "package-two": {
            "version": "1.0.0",
            "license": "ISC"
        }
    },
    "dependencies": {
        "package-main": {
            "version": "file:package-main"
        },
        "package-one": {
            "version": "file:package-one"
        },
        "package-two": {
            "version": "file:package-two"
        },
        "typescript": {
            "version": "4.9.4",
            "resolved": "https://registry.npmjs.org/typescript/-/typescript-4.9.4.tgz",
            "integrity": "sha512-Uz+dTXYzxXXbsFpM86Wh3dKCxrQqUcVMxwU54orwlJjOpO3ao8L7j5lH+dWfTwgCwIuM9GQ2kvVotzYJMXTBZg==",
            "dev": true
        }
    }
}
